
Microsoft Visual Studio Solution File, Format Version 12.00
Project("{FAE04EC0-301F-11D3-BF4B-00C04F79EFBC}") = "programm1", "programm1\programm1.csproj", "{8DF9CBA1-961B-4AF0-9C6A-BF766277A771}"
EndProject
Project("{FAE04EC0-301F-11D3-BF4B-00C04F79EFBC}") = "programm2", "programm2\programm2.csproj", "{C165F348-8F34-4682-8027-B63897472702}"
EndProject
Global
	GlobalSection(SolutionConfigurationPlatforms) = preSolution
		Debug|Any CPU = Debug|Any CPU
		Release|Any CPU = Release|Any CPU
	EndGlobalSection
	GlobalSection(ProjectConfigurationPlatforms) = postSolution
		{8DF9CBA1-961B-4AF0-9C6A-BF766277A771}.Debug|Any CPU.ActiveCfg = Debug|Any CPU
		{8DF9CBA1-961B-4AF0-9C6A-BF766277A771}.Debug|Any CPU.Build.0 = Debug|Any CPU
		{8DF9CBA1-961B-4AF0-9C6A-BF766277A771}.Release|Any CPU.ActiveCfg = Release|Any CPU
		{8DF9CBA1-961B-4AF0-9C6A-BF766277A771}.Release|Any CPU.Build.0 = Release|Any CPU
		{C165F348-8F34-4682-8027-B63897472702}.Debug|Any CPU.ActiveCfg = Debug|Any CPU
		{C165F348-8F34-4682-8027-B63897472702}.Debug|Any CPU.Build.0 = Debug|Any CPU
		{C165F348-8F34-4682-8027-B63897472702}.Release|Any CPU.ActiveCfg = Release|Any CPU
		{C165F348-8F34-4682-8027-B63897472702}.Release|Any CPU.Build.0 = Release|Any CPU
	EndGlobalSection
EndGlobal
